
Microsoft Visual Studio Solution File, Format Version 12.00
# Visual Studio Version 16
VisualStudioVersion = 16.0.28803.352
MinimumVisualStudioVersion = 10.0.40219.1
Project("{FAE04EC0-301F-11D3-BF4B-00C04F79EFBC}") = "AnyStatus.API", "AnyStatus.API\AnyStatus.API.csproj", "{C2526D04-D1C7-4CEA-910B-C952C00B00D4}"
EndProject
Project("{FAE04EC0-301F-11D3-BF4B-00C04F79EFBC}") = "AnyStatus.API.Tests", "AnyStatus.API.Tests\AnyStatus.API.Tests.csproj", "{C76591FD-0BAC-413C-BCE1-6FC6237CF105}"
EndProject
Project("{2150E333-8FDC-42A3-9474-1A3956D46DE8}") = "Solution Items", "Solution Items", "{593CEFEF-17FD-417A-B0AE-0DA60CEE05B5}"
EndProject
Project("{FAE04EC0-301F-11D3-BF4B-00C04F79EFBC}") = "AnyStatus.API.Demo", "AnyStatus.API.Demo\AnyStatus.API.Demo.csproj", "{EF345A4F-DA6F-4875-9851-4B9E7A35C31D}"
EndProject
Project("{FAE04EC0-301F-11D3-BF4B-00C04F79EFBC}") = "AnyStatus.Plugins.Additional", "AnyStatus.Plugins.Additional\AnyStatus.Plugins.Additional.csproj", "{F4786661-04D9-4B0D-A34D-88877512903D}"
EndProject
Global
	GlobalSection(SolutionConfigurationPlatforms) = preSolution
		Debug|Any CPU = Debug|Any CPU
		Release|Any CPU = Release|Any CPU
	EndGlobalSection
	GlobalSection(ProjectConfigurationPlatforms) = postSolution
		{C2526D04-D1C7-4CEA-910B-C952C00B00D4}.Debug|Any CPU.ActiveCfg = Debug|Any CPU
		{C2526D04-D1C7-4CEA-910B-C952C00B00D4}.Debug|Any CPU.Build.0 = Debug|Any CPU
		{C2526D04-D1C7-4CEA-910B-C952C00B00D4}.Release|Any CPU.ActiveCfg = Release|Any CPU
		{C2526D04-D1C7-4CEA-910B-C952C00B00D4}.Release|Any CPU.Build.0 = Release|Any CPU
		{C76591FD-0BAC-413C-BCE1-6FC6237CF105}.Debug|Any CPU.ActiveCfg = Debug|Any CPU
		{C76591FD-0BAC-413C-BCE1-6FC6237CF105}.Debug|Any CPU.Build.0 = Debug|Any CPU
		{C76591FD-0BAC-413C-BCE1-6FC6237CF105}.Release|Any CPU.ActiveCfg = Release|Any CPU
		{C76591FD-0BAC-413C-BCE1-6FC6237CF105}.Release|Any CPU.Build.0 = Release|Any CPU
		{EF345A4F-DA6F-4875-9851-4B9E7A35C31D}.Debug|Any CPU.ActiveCfg = Debug|Any CPU
		{EF345A4F-DA6F-4875-9851-4B9E7A35C31D}.Debug|Any CPU.Build.0 = Debug|Any CPU
		{EF345A4F-DA6F-4875-9851-4B9E7A35C31D}.Release|Any CPU.ActiveCfg = Release|Any CPU
		{EF345A4F-DA6F-4875-9851-4B9E7A35C31D}.Release|Any CPU.Build.0 = Release|Any CPU
		{F4786661-04D9-4B0D-A34D-88877512903D}.Debug|Any CPU.ActiveCfg = Debug|Any CPU
		{F4786661-04D9-4B0D-A34D-88877512903D}.Debug|Any CPU.Build.0 = Debug|Any CPU
		{F4786661-04D9-4B0D-A34D-88877512903D}.Release|Any CPU.ActiveCfg = Release|Any CPU
		{F4786661-04D9-4B0D-A34D-88877512903D}.Release|Any CPU.Build.0 = Release|Any CPU
	EndGlobalSection
	GlobalSection(SolutionProperties) = preSolution
		HideSolutionNode = FALSE
	EndGlobalSection
	GlobalSection(ExtensibilityGlobals) = postSolution
		SolutionGuid = {12FAD063-6E2D-4AAE-B4AA-2B3CA6A05690}
	EndGlobalSection
EndGlobal
